
Microsoft Visual Studio Solution File, Format Version 12.00
# Visual Studio Version 16
VisualStudioVersion = 16.0.30002.166
MinimumVisualStudioVersion = 10.0.40219.1
Project("{FAE04EC0-301F-11D3-BF4B-00C04F79EFBC}") = "br.com.ustj.FoodPantryControl.Application", "br.com.ustj.FoodPantryControl.Application\br.com.ustj.FoodPantryControl.Application.csproj", "{2FF0ADF8-4492-43A6-9652-DA2960A59CCD}"
EndProject
Project("{FAE04EC0-301F-11D3-BF4B-00C04F79EFBC}") = "br.com.ustj.FoodPantryControl.Domain", "br.com.ustj.FoodPantryControl.Domain\br.com.ustj.FoodPantryControl.Domain.csproj", "{6FE46907-D4E4-4F3E-B342-CBF724382421}"
EndProject
Project("{FAE04EC0-301F-11D3-BF4B-00C04F79EFBC}") = "br.com.ustj.FoodPantryControl.Infrastructure", "br.com.ustj.FoodPantryControl.Infrastructure\br.com.ustj.FoodPantryControl.Infrastructure.csproj", "{EB35E007-DAF4-40D3-874D-FA02F6913388}"
EndProject
Project("{FAE04EC0-301F-11D3-BF4B-00C04F79EFBC}") = "br.com.ustj.FoodPantryControl.Tests", "br.com.ustj.FoodPantryControl.Tests\br.com.ustj.FoodPantryControl.Tests.csproj", "{7B6D891E-FBB3-4E02-AA05-B6BFFFC8A493}"
EndProject
Project("{FAE04EC0-301F-11D3-BF4B-00C04F79EFBC}") = "br.com.ustj.FoodPantryControl.WebApi", "br.com.ustj.FoodPantryControl.WebApi\br.com.ustj.FoodPantryControl.WebApi.csproj", "{DA1FDEFB-AB52-4E69-AC7D-93E87C1702A5}"
EndProject
Global
	GlobalSection(SolutionConfigurationPlatforms) = preSolution
		Debug|Any CPU = Debug|Any CPU
		Release|Any CPU = Release|Any CPU
	EndGlobalSection
	GlobalSection(ProjectConfigurationPlatforms) = postSolution
		{2FF0ADF8-4492-43A6-9652-DA2960A59CCD}.Debug|Any CPU.ActiveCfg = Debug|Any CPU
		{2FF0ADF8-4492-43A6-9652-DA2960A59CCD}.Debug|Any CPU.Build.0 = Debug|Any CPU
		{2FF0ADF8-4492-43A6-9652-DA2960A59CCD}.Release|Any CPU.ActiveCfg = Release|Any CPU
		{2FF0ADF8-4492-43A6-9652-DA2960A59CCD}.Release|Any CPU.Build.0 = Release|Any CPU
		{6FE46907-D4E4-4F3E-B342-CBF724382421}.Debug|Any CPU.ActiveCfg = Debug|Any CPU
		{6FE46907-D4E4-4F3E-B342-CBF724382421}.Debug|Any CPU.Build.0 = Debug|Any CPU
		{6FE46907-D4E4-4F3E-B342-CBF724382421}.Release|Any CPU.ActiveCfg = Release|Any CPU
		{6FE46907-D4E4-4F3E-B342-CBF724382421}.Release|Any CPU.Build.0 = Release|Any CPU
		{EB35E007-DAF4-40D3-874D-FA02F6913388}.Debug|Any CPU.ActiveCfg = Debug|Any CPU
		{EB35E007-DAF4-40D3-874D-FA02F6913388}.Debug|Any CPU.Build.0 = Debug|Any CPU
		{EB35E007-DAF4-40D3-874D-FA02F6913388}.Release|Any CPU.ActiveCfg = Release|Any CPU
		{EB35E007-DAF4-40D3-874D-FA02F6913388}.Release|Any CPU.Build.0 = Release|Any CPU
		{7B6D891E-FBB3-4E02-AA05-B6BFFFC8A493}.Debug|Any CPU.ActiveCfg = Debug|Any CPU
		{7B6D891E-FBB3-4E02-AA05-B6BFFFC8A493}.Debug|Any CPU.Build.0 = Debug|Any CPU
		{7B6D891E-FBB3-4E02-AA05-B6BFFFC8A493}.Release|Any CPU.ActiveCfg = Release|Any CPU
		{7B6D891E-FBB3-4E02-AA05-B6BFFFC8A493}.Release|Any CPU.Build.0 = Release|Any CPU
		{DA1FDEFB-AB52-4E69-AC7D-93E87C1702A5}.Debug|Any CPU.ActiveCfg = Debug|Any CPU
		{DA1FDEFB-AB52-4E69-AC7D-93E87C1702A5}.Debug|Any CPU.Build.0 = Debug|Any CPU
		{DA1FDEFB-AB52-4E69-AC7D-93E87C1702A5}.Release|Any CPU.ActiveCfg = Release|Any CPU
		{DA1FDEFB-AB52-4E69-AC7D-93E87C1702A5}.Release|Any CPU.Build.0 = Release|Any CPU
	EndGlobalSection
	GlobalSection(SolutionProperties) = preSolution
		HideSolutionNode = FALSE
	EndGlobalSection
	GlobalSection(ExtensibilityGlobals) = postSolution
		SolutionGuid = {9D7CFCEE-5974-4845-A6AE-0C4F25D3E6C0}
	EndGlobalSection
EndGlobal
